// !$*UTF8*$!
{
	archiveVersion = 1;
	classes = {
	};
	objectVersion = 55;
	objects = {

/* Begin PBXBuildFile section */
		92A4AD3A287E2BA9009B988E /* AppDelegate.swift in Sources */ = {isa = PBXBuildFile; fileRef = 92A4AD39287E2BA9009B988E /* AppDelegate.swift */; };
		92A4AD3E287E2BA9009B988E /* HomeViewController.swift in Sources */ = {isa = PBXBuildFile; fileRef = 92A4AD3D287E2BA9009B988E /* HomeViewController.swift */; };
		92A4AD43287E2BAC009B988E /* Assets.xcassets in Resources */ = {isa = PBXBuildFile; fileRef = 92A4AD42287E2BAC009B988E /* Assets.xcassets */; };
		92A4AD46287E2BAC009B988E /* LaunchScreen.storyboard in Resources */ = {isa = PBXBuildFile; fileRef = 92A4AD44287E2BAC009B988E /* LaunchScreen.storyboard */; };
		92A4AD4F287E2EB8009B988E /* SwiftUIPreviewUIKit.swift in Sources */ = {isa = PBXBuildFile; fileRef = 92A4AD4E287E2EB8009B988E /* SwiftUIPreviewUIKit.swift */; };
		92A4AD51287E2EC5009B988E /* UIViewPreview.swift in Sources */ = {isa = PBXBuildFile; fileRef = 92A4AD50287E2EC5009B988E /* UIViewPreview.swift */; };
		92A4AD58287E308E009B988E /* HomeView.swift in Sources */ = {isa = PBXBuildFile; fileRef = 92A4AD57287E308E009B988E /* HomeView.swift */; };
		92A4AD5A287E309E009B988E /* HomeInteractor.swift in Sources */ = {isa = PBXBuildFile; fileRef = 92A4AD59287E309E009B988E /* HomeInteractor.swift */; };
		92A4AD5D287E30C5009B988E /* HomePresenter.swift in Sources */ = {isa = PBXBuildFile; fileRef = 92A4AD5C287E30C5009B988E /* HomePresenter.swift */; };
		92A4AD5F287E30D0009B988E /* HomeFactory.swift in Sources */ = {isa = PBXBuildFile; fileRef = 92A4AD5E287E30D0009B988E /* HomeFactory.swift */; };
		92A4AD62287E30F1009B988E /* ViewCode.swift in Sources */ = {isa = PBXBuildFile; fileRef = 92A4AD61287E30F1009B988E /* ViewCode.swift */; };
		92A4AD64287E311B009B988E /* PokemonWorker.swift in Sources */ = {isa = PBXBuildFile; fileRef = 92A4AD63287E311B009B988E /* PokemonWorker.swift */; };
		92A4AD68287E32A3009B988E /* PokemonCardView.swift in Sources */ = {isa = PBXBuildFile; fileRef = 92A4AD67287E32A3009B988E /* PokemonCardView.swift */; };
		92A4AD6A287E32BD009B988E /* PokemonCollectionView.swift in Sources */ = {isa = PBXBuildFile; fileRef = 92A4AD69287E32BD009B988E /* PokemonCollectionView.swift */; };
		92A4AD6C287E32CD009B988E /* PokemonCollectionCell.swift in Sources */ = {isa = PBXBuildFile; fileRef = 92A4AD6B287E32CD009B988E /* PokemonCollectionCell.swift */; };
		92A4AD6E287E3519009B988E /* FeatureFactory.swift in Sources */ = {isa = PBXBuildFile; fileRef = 92A4AD6D287E3519009B988E /* FeatureFactory.swift */; };
		92A4AD70287E3550009B988E /* NetworkError.swift in Sources */ = {isa = PBXBuildFile; fileRef = 92A4AD6F287E3550009B988E /* NetworkError.swift */; };
		92A4AD72287E356E009B988E /* NetworkManager.swift in Sources */ = {isa = PBXBuildFile; fileRef = 92A4AD71287E356E009B988E /* NetworkManager.swift */; };
		92A4AD74287E3584009B988E /* NetworkRequest.swift in Sources */ = {isa = PBXBuildFile; fileRef = 92A4AD73287E3584009B988E /* NetworkRequest.swift */; };
		92A4AD76287E35A2009B988E /* URLSession.swift in Sources */ = {isa = PBXBuildFile; fileRef = 92A4AD75287E35A2009B988E /* URLSession.swift */; };
		92A4AD78287E37B3009B988E /* HomeUseCase.swift in Sources */ = {isa = PBXBuildFile; fileRef = 92A4AD77287E37B3009B988E /* HomeUseCase.swift */; };
		92A4AD7B287E385B009B988E /* PokemonResponse.swift in Sources */ = {isa = PBXBuildFile; fileRef = 92A4AD7A287E385B009B988E /* PokemonResponse.swift */; };
		92A4AD7D287E3882009B988E /* PokemonRequest.swift in Sources */ = {isa = PBXBuildFile; fileRef = 92A4AD7C287E3882009B988E /* PokemonRequest.swift */; };
		92A4AD7F287E38AA009B988E /* Pokemon.swift in Sources */ = {isa = PBXBuildFile; fileRef = 92A4AD7E287E38AA009B988E /* Pokemon.swift */; };
/* End PBXBuildFile section */

/* Begin PBXFileReference section */
		92A4AD36287E2BA9009B988E /* Pokedex.app */ = {isa = PBXFileReference; explicitFileType = wrapper.application; includeInIndex = 0; path = Pokedex.app; sourceTree = BUILT_PRODUCTS_DIR; };
		92A4AD39287E2BA9009B988E /* AppDelegate.swift */ = {isa = PBXFileReference; lastKnownFileType = sourcecode.swift; path = AppDelegate.swift; sourceTree = "<group>"; };
		92A4AD3D287E2BA9009B988E /* HomeViewController.swift */ = {isa = PBXFileReference; lastKnownFileType = sourcecode.swift; path = HomeViewController.swift; sourceTree = "<group>"; };
		92A4AD42287E2BAC009B988E /* Assets.xcassets */ = {isa = PBXFileReference; lastKnownFileType = folder.assetcatalog; path = Assets.xcassets; sourceTree = "<group>"; };
		92A4AD45287E2BAC009B988E /* Base */ = {isa = PBXFileReference; lastKnownFileType = file.storyboard; name = Base; path = Base.lproj/LaunchScreen.storyboard; sourceTree = "<group>"; };
		92A4AD47287E2BAC009B988E /* Info.plist */ = {isa = PBXFileReference; lastKnownFileType = text.plist.xml; path = Info.plist; sourceTree = "<group>"; };
		92A4AD4E287E2EB8009B988E /* SwiftUIPreviewUIKit.swift */ = {isa = PBXFileReference; lastKnownFileType = sourcecode.swift; path = SwiftUIPreviewUIKit.swift; sourceTree = "<group>"; };
		92A4AD50287E2EC5009B988E /* UIViewPreview.swift */ = {isa = PBXFileReference; lastKnownFileType = sourcecode.swift; path = UIViewPreview.swift; sourceTree = "<group>"; };
		92A4AD57287E308E009B988E /* HomeView.swift */ = {isa = PBXFileReference; lastKnownFileType = sourcecode.swift; path = HomeView.swift; sourceTree = "<group>"; };
		92A4AD59287E309E009B988E /* HomeInteractor.swift */ = {isa = PBXFileReference; lastKnownFileType = sourcecode.swift; path = HomeInteractor.swift; sourceTree = "<group>"; };
		92A4AD5C287E30C5009B988E /* HomePresenter.swift */ = {isa = PBXFileReference; lastKnownFileType = sourcecode.swift; path = HomePresenter.swift; sourceTree = "<group>"; };
		92A4AD5E287E30D0009B988E /* HomeFactory.swift */ = {isa = PBXFileReference; lastKnownFileType = sourcecode.swift; path = HomeFactory.swift; sourceTree = "<group>"; };
		92A4AD61287E30F1009B988E /* ViewCode.swift */ = {isa = PBXFileReference; lastKnownFileType = sourcecode.swift; path = ViewCode.swift; sourceTree = "<group>"; };
		92A4AD63287E311B009B988E /* PokemonWorker.swift */ = {isa = PBXFileReference; lastKnownFileType = sourcecode.swift; path = PokemonWorker.swift; sourceTree = "<group>"; };
		92A4AD67287E32A3009B988E /* PokemonCardView.swift */ = {isa = PBXFileReference; lastKnownFileType = sourcecode.swift; path = PokemonCardView.swift; sourceTree = "<group>"; };
		92A4AD69287E32BD009B988E /* PokemonCollectionView.swift */ = {isa = PBXFileReference; lastKnownFileType = sourcecode.swift; path = PokemonCollectionView.swift; sourceTree = "<group>"; };
		92A4AD6B287E32CD009B988E /* PokemonCollectionCell.swift */ = {isa = PBXFileReference; lastKnownFileType = sourcecode.swift; path = PokemonCollectionCell.swift; sourceTree = "<group>"; };
		92A4AD6D287E3519009B988E /* FeatureFactory.swift */ = {isa = PBXFileReference; lastKnownFileType = sourcecode.swift; path = FeatureFactory.swift; sourceTree = "<group>"; };
		92A4AD6F287E3550009B988E /* NetworkError.swift */ = {isa = PBXFileReference; lastKnownFileType = sourcecode.swift; path = NetworkError.swift; sourceTree = "<group>"; };
		92A4AD71287E356E009B988E /* NetworkManager.swift */ = {isa = PBXFileReference; lastKnownFileType = sourcecode.swift; path = NetworkManager.swift; sourceTree = "<group>"; };
		92A4AD73287E3584009B988E /* NetworkRequest.swift */ = {isa = PBXFileReference; lastKnownFileType = sourcecode.swift; path = NetworkRequest.swift; sourceTree = "<group>"; };
		92A4AD75287E35A2009B988E /* URLSession.swift */ = {isa = PBXFileReference; lastKnownFileType = sourcecode.swift; path = URLSession.swift; sourceTree = "<group>"; };
		92A4AD77287E37B3009B988E /* HomeUseCase.swift */ = {isa = PBXFileReference; lastKnownFileType = sourcecode.swift; path = HomeUseCase.swift; sourceTree = "<group>"; };
		92A4AD7A287E385B009B988E /* PokemonResponse.swift */ = {isa = PBXFileReference; lastKnownFileType = sourcecode.swift; path = PokemonResponse.swift; sourceTree = "<group>"; };
		92A4AD7C287E3882009B988E /* PokemonRequest.swift */ = {isa = PBXFileReference; lastKnownFileType = sourcecode.swift; path = PokemonRequest.swift; sourceTree = "<group>"; };
		92A4AD7E287E38AA009B988E /* Pokemon.swift */ = {isa = PBXFileReference; lastKnownFileType = sourcecode.swift; path = Pokemon.swift; sourceTree = "<group>"; };
/* End PBXFileReference section */

/* Begin PBXFrameworksBuildPhase section */
		92A4AD33287E2BA9009B988E /* Frameworks */ = {
			isa = PBXFrameworksBuildPhase;
			buildActionMask = 2147483647;
			files = (
			);
			runOnlyForDeploymentPostprocessing = 0;
		};
/* End PBXFrameworksBuildPhase section */

/* Begin PBXGroup section */
		92A4AD2D287E2BA9009B988E = {
			isa = PBXGroup;
			children = (
				92A4AD38287E2BA9009B988E /* Pokedex */,
				92A4AD37287E2BA9009B988E /* Products */,
			);
			sourceTree = "<group>";
		};
		92A4AD37287E2BA9009B988E /* Products */ = {
			isa = PBXGroup;
			children = (
				92A4AD36287E2BA9009B988E /* Pokedex.app */,
			);
			name = Products;
			sourceTree = "<group>";
		};
		92A4AD38287E2BA9009B988E /* Pokedex */ = {
			isa = PBXGroup;
			children = (
				92A4AD4D287E2E8E009B988E /* SwiftUIPreview */,
				92A4AD52287E3053009B988E /* Modules */,
				92A4AD39287E2BA9009B988E /* AppDelegate.swift */,
				92A4AD42287E2BAC009B988E /* Assets.xcassets */,
				92A4AD44287E2BAC009B988E /* LaunchScreen.storyboard */,
				92A4AD47287E2BAC009B988E /* Info.plist */,
			);
			path = Pokedex;
			sourceTree = "<group>";
		};
		92A4AD4D287E2E8E009B988E /* SwiftUIPreview */ = {
			isa = PBXGroup;
			children = (
				92A4AD4E287E2EB8009B988E /* SwiftUIPreviewUIKit.swift */,
				92A4AD50287E2EC5009B988E /* UIViewPreview.swift */,
			);
			path = SwiftUIPreview;
			sourceTree = "<group>";
		};
		92A4AD52287E3053009B988E /* Modules */ = {
			isa = PBXGroup;
			children = (
				92A4AD54287E305E009B988E /* Foundation */,
				92A4AD53287E3058009B988E /* Scenes */,
			);
			path = Modules;
			sourceTree = "<group>";
		};
		92A4AD53287E3058009B988E /* Scenes */ = {
			isa = PBXGroup;
			children = (
				92A4AD56287E306C009B988E /* Home */,
			);
			path = Scenes;
			sourceTree = "<group>";
		};
		92A4AD54287E305E009B988E /* Foundation */ = {
			isa = PBXGroup;
			children = (
				92A4AD65287E3122009B988E /* Network */,
				92A4AD55287E3064009B988E /* Components */,
				92A4AD6D287E3519009B988E /* FeatureFactory.swift */,
			);
			path = Foundation;
			sourceTree = "<group>";
		};
		92A4AD55287E3064009B988E /* Components */ = {
			isa = PBXGroup;
			children = (
				92A4AD66287E328C009B988E /* PokemonCardView */,
				92A4AD61287E30F1009B988E /* ViewCode.swift */,
			);
			path = Components;
			sourceTree = "<group>";
		};
		92A4AD56287E306C009B988E /* Home */ = {
			isa = PBXGroup;
			children = (
				92A4AD79287E3839009B988E /* Data */,
				92A4AD80287E3F20009B988E /* Presentation */,
			);
			path = Home;
			sourceTree = "<group>";
		};
		92A4AD5B287E30A1009B988E /* Views */ = {
			isa = PBXGroup;
			children = (
				92A4AD57287E308E009B988E /* HomeView.swift */,
				92A4AD69287E32BD009B988E /* PokemonCollectionView.swift */,
				92A4AD6B287E32CD009B988E /* PokemonCollectionCell.swift */,
			);
			path = Views;
			sourceTree = "<group>";
		};
		92A4AD65287E3122009B988E /* Network */ = {
			isa = PBXGroup;
			children = (
				92A4AD6F287E3550009B988E /* NetworkError.swift */,
				92A4AD71287E356E009B988E /* NetworkManager.swift */,
				92A4AD73287E3584009B988E /* NetworkRequest.swift */,
				92A4AD75287E35A2009B988E /* URLSession.swift */,
			);
			path = Network;
			sourceTree = "<group>";
		};
		92A4AD66287E328C009B988E /* PokemonCardView */ = {
			isa = PBXGroup;
			children = (
				92A4AD67287E32A3009B988E /* PokemonCardView.swift */,
			);
			path = PokemonCardView;
			sourceTree = "<group>";
		};
		92A4AD79287E3839009B988E /* Data */ = {
			isa = PBXGroup;
			children = (
				92A4AD7A287E385B009B988E /* PokemonResponse.swift */,
				92A4AD7C287E3882009B988E /* PokemonRequest.swift */,
				92A4AD7E287E38AA009B988E /* Pokemon.swift */,
			);
			path = Data;
			sourceTree = "<group>";
		};
		92A4AD80287E3F20009B988E /* Presentation */ = {
			isa = PBXGroup;
			children = (
				92A4AD5B287E30A1009B988E /* Views */,
				92A4AD5E287E30D0009B988E /* HomeFactory.swift */,
				92A4AD3D287E2BA9009B988E /* HomeViewController.swift */,
				92A4AD59287E309E009B988E /* HomeInteractor.swift */,
				92A4AD5C287E30C5009B988E /* HomePresenter.swift */,
				92A4AD77287E37B3009B988E /* HomeUseCase.swift */,
				92A4AD63287E311B009B988E /* PokemonWorker.swift */,
			);
			path = Presentation;
			sourceTree = "<group>";
		};
/* End PBXGroup section */

/* Begin PBXNativeTarget section */
		92A4AD35287E2BA9009B988E /* Pokedex */ = {
			isa = PBXNativeTarget;
			buildConfigurationList = 92A4AD4A287E2BAC009B988E /* Build configuration list for PBXNativeTarget "Pokedex" */;
			buildPhases = (
				92A4AD32287E2BA9009B988E /* Sources */,
				92A4AD33287E2BA9009B988E /* Frameworks */,
				92A4AD34287E2BA9009B988E /* Resources */,
			);
			buildRules = (
			);
			dependencies = (
			);
			name = Pokedex;
			productName = Pokedex;
			productReference = 92A4AD36287E2BA9009B988E /* Pokedex.app */;
			productType = "com.apple.product-type.application";
		};
/* End PBXNativeTarget section */

/* Begin PBXProject section */
		92A4AD2E287E2BA9009B988E /* Project object */ = {
			isa = PBXProject;
			attributes = {
				BuildIndependentTargetsInParallel = 1;
				LastSwiftUpdateCheck = 1320;
				LastUpgradeCheck = 1320;
				TargetAttributes = {
					92A4AD35287E2BA9009B988E = {
						CreatedOnToolsVersion = 13.2.1;
					};
				};
			};
			buildConfigurationList = 92A4AD31287E2BA9009B988E /* Build configuration list for PBXProject "Pokedex" */;
			compatibilityVersion = "Xcode 13.0";
			developmentRegion = en;
			hasScannedForEncodings = 0;
			knownRegions = (
				en,
				Base,
			);
			mainGroup = 92A4AD2D287E2BA9009B988E;
			productRefGroup = 92A4AD37287E2BA9009B988E /* Products */;
			projectDirPath = "";
			projectRoot = "";
			targets = (
				92A4AD35287E2BA9009B988E /* Pokedex */,
			);
		};
/* End PBXProject section */

/* Begin PBXResourcesBuildPhase section */
		92A4AD34287E2BA9009B988E /* Resources */ = {
			isa = PBXResourcesBuildPhase;
			buildActionMask = 2147483647;
			files = (
				92A4AD46287E2BAC009B988E /* LaunchScreen.storyboard in Resources */,
				92A4AD43287E2BAC009B988E /* Assets.xcassets in Resources */,
			);
			runOnlyForDeploymentPostprocessing = 0;
		};
/* End PBXResourcesBuildPhase section */

/* Begin PBXSourcesBuildPhase section */
		92A4AD32287E2BA9009B988E /* Sources */ = {
			isa = PBXSourcesBuildPhase;
			buildActionMask = 2147483647;
			files = (
				92A4AD5D287E30C5009B988E /* HomePresenter.swift in Sources */,
				92A4AD3E287E2BA9009B988E /* HomeViewController.swift in Sources */,
				92A4AD62287E30F1009B988E /* ViewCode.swift in Sources */,
				92A4AD6E287E3519009B988E /* FeatureFactory.swift in Sources */,
				92A4AD72287E356E009B988E /* NetworkManager.swift in Sources */,
				92A4AD7D287E3882009B988E /* PokemonRequest.swift in Sources */,
				92A4AD51287E2EC5009B988E /* UIViewPreview.swift in Sources */,
				92A4AD3A287E2BA9009B988E /* AppDelegate.swift in Sources */,
				92A4AD5A287E309E009B988E /* HomeInteractor.swift in Sources */,
				92A4AD7B287E385B009B988E /* PokemonResponse.swift in Sources */,
				92A4AD6A287E32BD009B988E /* PokemonCollectionView.swift in Sources */,
				92A4AD5F287E30D0009B988E /* HomeFactory.swift in Sources */,
				92A4AD70287E3550009B988E /* NetworkError.swift in Sources */,
				92A4AD58287E308E009B988E /* HomeView.swift in Sources */,
				92A4AD7F287E38AA009B988E /* Pokemon.swift in Sources */,
				92A4AD64287E311B009B988E /* PokemonWorker.swift in Sources */,
				92A4AD78287E37B3009B988E /* HomeUseCase.swift in Sources */,
				92A4AD4F287E2EB8009B988E /* SwiftUIPreviewUIKit.swift in Sources */,
				92A4AD76287E35A2009B988E /* URLSession.swift in Sources */,
				92A4AD68287E32A3009B988E /* PokemonCardView.swift in Sources */,
				92A4AD6C287E32CD009B988E /* PokemonCollectionCell.swift in Sources */,
				92A4AD74287E3584009B988E /* NetworkRequest.swift in Sources */,
			);
			runOnlyForDeploymentPostprocessing = 0;
		};
/* End PBXSourcesBuildPhase section */

/* Begin PBXVariantGroup section */
		92A4AD44287E2BAC009B988E /* LaunchScreen.storyboard */ = {
			isa = PBXVariantGroup;
			children = (
				92A4AD45287E2BAC009B988E /* Base */,
			);
			name = LaunchScreen.storyboard;
			sourceTree = "<group>";
		};
/* End PBXVariantGroup section */

/* Begin XCBuildConfiguration section */
		92A4AD48287E2BAC009B988E /* Debug */ = {
			isa = XCBuildConfiguration;
			buildSettings = {
				ALWAYS_SEARCH_USER_PATHS = NO;
				CLANG_ANALYZER_NONNULL = YES;
				CLANG_ANALYZER_NUMBER_OBJECT_CONVERSION = YES_AGGRESSIVE;
				CLANG_CXX_LANGUAGE_STANDARD = "gnu++17";
				CLANG_CXX_LIBRARY = "libc++";
				CLANG_ENABLE_MODULES = YES;
				CLANG_ENABLE_OBJC_ARC = YES;
				CLANG_ENABLE_OBJC_WEAK = YES;
				CLANG_WARN_BLOCK_CAPTURE_AUTORELEASING = YES;
				CLANG_WARN_BOOL_CONVERSION = YES;
				CLANG_WARN_COMMA = YES;
				CLANG_WARN_CONSTANT_CONVERSION = YES;
				CLANG_WARN_DEPRECATED_OBJC_IMPLEMENTATIONS = YES;
				CLANG_WARN_DIRECT_OBJC_ISA_USAGE = YES_ERROR;
				CLANG_WARN_DOCUMENTATION_COMMENTS = YES;
				CLANG_WARN_EMPTY_BODY = YES;
				CLANG_WARN_ENUM_CONVERSION = YES;
				CLANG_WARN_INFINITE_RECURSION = YES;
				CLANG_WARN_INT_CONVERSION = YES;
				CLANG_WARN_NON_LITERAL_NULL_CONVERSION = YES;
				CLANG_WARN_OBJC_IMPLICIT_RETAIN_SELF = YES;
				CLANG_WARN_OBJC_LITERAL_CONVERSION = YES;
				CLANG_WARN_OBJC_ROOT_CLASS = YES_ERROR;
				CLANG_WARN_QUOTED_INCLUDE_IN_FRAMEWORK_HEADER = YES;
				CLANG_WARN_RANGE_LOOP_ANALYSIS = YES;
				CLANG_WARN_STRICT_PROTOTYPES = YES;
				CLANG_WARN_SUSPICIOUS_MOVE = YES;
				CLANG_WARN_UNGUARDED_AVAILABILITY = YES_AGGRESSIVE;
				CLANG_WARN_UNREACHABLE_CODE = YES;
				CLANG_WARN__DUPLICATE_METHOD_MATCH = YES;
				COPY_PHASE_STRIP = NO;
				DEBUG_INFORMATION_FORMAT = dwarf;
				ENABLE_STRICT_OBJC_MSGSEND = YES;
				ENABLE_TESTABILITY = YES;
				GCC_C_LANGUAGE_STANDARD = gnu11;
				GCC_DYNAMIC_NO_PIC = NO;
				GCC_NO_COMMON_BLOCKS = YES;
				GCC_OPTIMIZATION_LEVEL = 0;
				GCC_PREPROCESSOR_DEFINITIONS = (
					"DEBUG=1",
					"$(inherited)",
				);
				GCC_WARN_64_TO_32_BIT_CONVERSION = YES;
				GCC_WARN_ABOUT_RETURN_TYPE = YES_ERROR;
				GCC_WARN_UNDECLARED_SELECTOR = YES;
				GCC_WARN_UNINITIALIZED_AUTOS = YES_AGGRESSIVE;
				GCC_WARN_UNUSED_FUNCTION = YES;
				GCC_WARN_UNUSED_VARIABLE = YES;
				IPHONEOS_DEPLOYMENT_TARGET = 15.2;
				MTL_ENABLE_DEBUG_INFO = INCLUDE_SOURCE;
				MTL_FAST_MATH = YES;
				ONLY_ACTIVE_ARCH = YES;
				SDKROOT = iphoneos;
				SWIFT_ACTIVE_COMPILATION_CONDITIONS = DEBUG;
				SWIFT_OPTIMIZATION_LEVEL = "-Onone";
			};
			name = Debug;
		};
		92A4AD49287E2BAC009B988E /* Release */ = {
			isa = XCBuildConfiguration;
			buildSettings = {
				ALWAYS_SEARCH_USER_PATHS = NO;
				CLANG_ANALYZER_NONNULL = YES;
				CLANG_ANALYZER_NUMBER_OBJECT_CONVERSION = YES_AGGRESSIVE;
				CLANG_CXX_LANGUAGE_STANDARD = "gnu++17";
				CLANG_CXX_LIBRARY = "libc++";
				CLANG_ENABLE_MODULES = YES;
				CLANG_ENABLE_OBJC_ARC = YES;
				CLANG_ENABLE_OBJC_WEAK = YES;
				CLANG_WARN_BLOCK_CAPTURE_AUTORELEASING = YES;
				CLANG_WARN_BOOL_CONVERSION = YES;
				CLANG_WARN_COMMA = YES;
				CLANG_WARN_CONSTANT_CONVERSION = YES;
				CLANG_WARN_DEPRECATED_OBJC_IMPLEMENTATIONS = YES;
				CLANG_WARN_DIRECT_OBJC_ISA_USAGE = YES_ERROR;
				CLANG_WARN_DOCUMENTATION_COMMENTS = YES;
				CLANG_WARN_EMPTY_BODY = YES;
				CLANG_WARN_ENUM_CONVERSION = YES;
				CLANG_WARN_INFINITE_RECURSION = YES;
				CLANG_WARN_INT_CONVERSION = YES;
				CLANG_WARN_NON_LITERAL_NULL_CONVERSION = YES;
				CLANG_WARN_OBJC_IMPLICIT_RETAIN_SELF = YES;
				CLANG_WARN_OBJC_LITERAL_CONVERSION = YES;
				CLANG_WARN_OBJC_ROOT_CLASS = YES_ERROR;
				CLANG_WARN_QUOTED_INCLUDE_IN_FRAMEWORK_HEADER = YES;
				CLANG_WARN_RANGE_LOOP_ANALYSIS = YES;
				CLANG_WARN_STRICT_PROTOTYPES = YES;
				CLANG_WARN_SUSPICIOUS_MOVE = YES;
				CLANG_WARN_UNGUARDED_AVAILABILITY = YES_AGGRESSIVE;
				CLANG_WARN_UNREACHABLE_CODE = YES;
				CLANG_WARN__DUPLICATE_METHOD_MATCH = YES;
				COPY_PHASE_STRIP = NO;
				DEBUG_INFORMATION_FORMAT = "dwarf-with-dsym";
				ENABLE_NS_ASSERTIONS = NO;
				ENABLE_STRICT_OBJC_MSGSEND = YES;
				GCC_C_LANGUAGE_STANDARD = gnu11;
				GCC_NO_COMMON_BLOCKS = YES;
				GCC_WARN_64_TO_32_BIT_CONVERSION = YES;
				GCC_WARN_ABOUT_RETURN_TYPE = YES_ERROR;
				GCC_WARN_UNDECLARED_SELECTOR = YES;
				GCC_WARN_UNINITIALIZED_AUTOS = YES_AGGRESSIVE;
				GCC_WARN_UNUSED_FUNCTION = YES;
				GCC_WARN_UNUSED_VARIABLE = YES;
				IPHONEOS_DEPLOYMENT_TARGET = 15.2;
				MTL_ENABLE_DEBUG_INFO = NO;
				MTL_FAST_MATH = YES;
				SDKROOT = iphoneos;
				SWIFT_COMPILATION_MODE = wholemodule;
				SWIFT_OPTIMIZATION_LEVEL = "-O";
				VALIDATE_PRODUCT = YES;
			};
			name = Release;
		};
		92A4AD4B287E2BAC009B988E /* Debug */ = {
			isa = XCBuildConfiguration;
			buildSettings = {
				ASSETCATALOG_COMPILER_APPICON_NAME = AppIcon;
				ASSETCATALOG_COMPILER_GLOBAL_ACCENT_COLOR_NAME = AccentColor;
				CODE_SIGN_STYLE = Automatic;
				CURRENT_PROJECT_VERSION = 1;
				GENERATE_INFOPLIST_FILE = YES;
				INFOPLIST_FILE = Pokedex/Info.plist;
				INFOPLIST_KEY_UIApplicationSupportsIndirectInputEvents = YES;
				INFOPLIST_KEY_UILaunchStoryboardName = LaunchScreen;
				INFOPLIST_KEY_UISupportedInterfaceOrientations_iPad = "UIInterfaceOrientationPortrait UIInterfaceOrientationPortraitUpsideDown UIInterfaceOrientationLandscapeLeft UIInterfaceOrientationLandscapeRight";
				INFOPLIST_KEY_UISupportedInterfaceOrientations_iPhone = "UIInterfaceOrientationPortrait UIInterfaceOrientationLandscapeLeft UIInterfaceOrientationLandscapeRight";
				LD_RUNPATH_SEARCH_PATHS = (
					"$(inherited)",
					"@executable_path/Frameworks",
				);
				MARKETING_VERSION = 1.0;
				PRODUCT_BUNDLE_IDENTIFIER = Pokedex.Pokedex;
				PRODUCT_NAME = "$(TARGET_NAME)";
				SWIFT_EMIT_LOC_STRINGS = YES;
				SWIFT_VERSION = 5.0;
				TARGETED_DEVICE_FAMILY = "1,2";
			};
			name = Debug;
		};
		92A4AD4C287E2BAC009B988E /* Release */ = {
			isa = XCBuildConfiguration;
			buildSettings = {
				ASSETCATALOG_COMPILER_APPICON_NAME = AppIcon;
				ASSETCATALOG_COMPILER_GLOBAL_ACCENT_COLOR_NAME = AccentColor;
				CODE_SIGN_STYLE = Automatic;
				CURRENT_PROJECT_VERSION = 1;
				GENERATE_INFOPLIST_FILE = YES;
				INFOPLIST_FILE = Pokedex/Info.plist;
				INFOPLIST_KEY_UIApplicationSupportsIndirectInputEvents = YES;
				INFOPLIST_KEY_UILaunchStoryboardName = LaunchScreen;
				INFOPLIST_KEY_UISupportedInterfaceOrientations_iPad = "UIInterfaceOrientationPortrait UIInterfaceOrientationPortraitUpsideDown UIInterfaceOrientationLandscapeLeft UIInterfaceOrientationLandscapeRight";
				INFOPLIST_KEY_UISupportedInterfaceOrientations_iPhone = "UIInterfaceOrientationPortrait UIInterfaceOrientationLandscapeLeft UIInterfaceOrientationLandscapeRight";
				LD_RUNPATH_SEARCH_PATHS = (
					"$(inherited)",
					"@executable_path/Frameworks",
				);
				MARKETING_VERSION = 1.0;
				PRODUCT_BUNDLE_IDENTIFIER = Pokedex.Pokedex;
				PRODUCT_NAME = "$(TARGET_NAME)";
				SWIFT_EMIT_LOC_STRINGS = YES;
				SWIFT_VERSION = 5.0;
				TARGETED_DEVICE_FAMILY = "1,2";
			};
			name = Release;
		};
/* End XCBuildConfiguration section */

/* Begin XCConfigurationList section */
		92A4AD31287E2BA9009B988E /* Build configuration list for PBXProject "Pokedex" */ = {
			isa = XCConfigurationList;
			buildConfigurations = (
				92A4AD48287E2BAC009B988E /* Debug */,
				92A4AD49287E2BAC009B988E /* Release */,
			);
			defaultConfigurationIsVisible = 0;
			defaultConfigurationName = Release;
		};
		92A4AD4A287E2BAC009B988E /* Build configuration list for PBXNativeTarget "Pokedex" */ = {
			isa = XCConfigurationList;
			buildConfigurations = (
				92A4AD4B287E2BAC009B988E /* Debug */,
				92A4AD4C287E2BAC009B988E /* Release */,
			);
			defaultConfigurationIsVisible = 0;
			defaultConfigurationName = Release;
		};
/* End XCConfigurationList section */
	};
	rootObject = 92A4AD2E287E2BA9009B988E /* Project object */;
}
